
Microsoft Visual Studio Solution File, Format Version 12.00
# Visual Studio 15
VisualStudioVersion = 15.0.28010.2046
MinimumVisualStudioVersion = 10.0.40219.1
Project("{888888A0-9F3D-457C-B088-3A5042F75D52}") = "qtTest", "qtTest\qtTest.pyproj", "{27E1A888-56A0-4B6D-9E3E-C8E82C6A4199}"
EndProject
Global
	GlobalSection(SolutionConfigurationPlatforms) = preSolution
		Debug|Any CPU = Debug|Any CPU
		Release|Any CPU = Release|Any CPU
	EndGlobalSection
	GlobalSection(ProjectConfigurationPlatforms) = postSolution
		{27E1A888-56A0-4B6D-9E3E-C8E82C6A4199}.Debug|Any CPU.ActiveCfg = Debug|Any CPU
		{27E1A888-56A0-4B6D-9E3E-C8E82C6A4199}.Release|Any CPU.ActiveCfg = Release|Any CPU
	EndGlobalSection
	GlobalSection(SolutionProperties) = preSolution
		HideSolutionNode = FALSE
	EndGlobalSection
	GlobalSection(ExtensibilityGlobals) = postSolution
		SolutionGuid = {CAE865FF-AE63-464C-9C92-7D327782678C}
	EndGlobalSection
EndGlobal
