
Microsoft Visual Studio Solution File, Format Version 12.00
# Visual Studio 15
VisualStudioVersion = 15.0.28010.2046
MinimumVisualStudioVersion = 10.0.40219.1
Project("{888888A0-9F3D-457C-B088-3A5042F75D52}") = "OpenAIGymTest", "OpenAIGymTest\OpenAIGymTest.pyproj", "{C90232B3-207E-4262-B41A-399420D24B94}"
EndProject
Global
	GlobalSection(SolutionConfigurationPlatforms) = preSolution
		Debug|Any CPU = Debug|Any CPU
		Release|Any CPU = Release|Any CPU
	EndGlobalSection
	GlobalSection(ProjectConfigurationPlatforms) = postSolution
		{C90232B3-207E-4262-B41A-399420D24B94}.Debug|Any CPU.ActiveCfg = Debug|Any CPU
		{C90232B3-207E-4262-B41A-399420D24B94}.Release|Any CPU.ActiveCfg = Release|Any CPU
	EndGlobalSection
	GlobalSection(SolutionProperties) = preSolution
		HideSolutionNode = FALSE
	EndGlobalSection
	GlobalSection(ExtensibilityGlobals) = postSolution
		SolutionGuid = {9E2BA41C-5F94-4FE1-B26C-D62A514DC10A}
	EndGlobalSection
EndGlobal
