
Microsoft Visual Studio Solution File, Format Version 12.00
# Visual Studio 15
VisualStudioVersion = 15.0.28010.2046
MinimumVisualStudioVersion = 10.0.40219.1
Project("{888888A0-9F3D-457C-B088-3A5042F75D52}") = "kivySiteDemo", "kivySiteDemo\kivySiteDemo.pyproj", "{1536ADF6-0CE8-4853-9682-A41E829A542D}"
EndProject
Global
	GlobalSection(SolutionConfigurationPlatforms) = preSolution
		Debug|Any CPU = Debug|Any CPU
		Release|Any CPU = Release|Any CPU
	EndGlobalSection
	GlobalSection(ProjectConfigurationPlatforms) = postSolution
		{1536ADF6-0CE8-4853-9682-A41E829A542D}.Debug|Any CPU.ActiveCfg = Debug|Any CPU
		{1536ADF6-0CE8-4853-9682-A41E829A542D}.Release|Any CPU.ActiveCfg = Release|Any CPU
	EndGlobalSection
	GlobalSection(SolutionProperties) = preSolution
		HideSolutionNode = FALSE
	EndGlobalSection
	GlobalSection(ExtensibilityGlobals) = postSolution
		SolutionGuid = {502ECDB2-AF73-46FB-9BDC-6A14E8276DD6}
	EndGlobalSection
EndGlobal
