
Microsoft Visual Studio Solution File, Format Version 12.00
# Visual Studio 15
VisualStudioVersion = 15.0.28010.2046
MinimumVisualStudioVersion = 10.0.40219.1
Project("{888888A0-9F3D-457C-B088-3A5042F75D52}") = "pyttsx speech", "pyttsx speech\pyttsx speech.pyproj", "{AAB54D0C-DB20-4E47-BDFD-FE7F20BF4E8A}"
EndProject
Global
	GlobalSection(SolutionConfigurationPlatforms) = preSolution
		Debug|Any CPU = Debug|Any CPU
		Release|Any CPU = Release|Any CPU
	EndGlobalSection
	GlobalSection(ProjectConfigurationPlatforms) = postSolution
		{AAB54D0C-DB20-4E47-BDFD-FE7F20BF4E8A}.Debug|Any CPU.ActiveCfg = Debug|Any CPU
		{AAB54D0C-DB20-4E47-BDFD-FE7F20BF4E8A}.Release|Any CPU.ActiveCfg = Release|Any CPU
	EndGlobalSection
	GlobalSection(SolutionProperties) = preSolution
		HideSolutionNode = FALSE
	EndGlobalSection
	GlobalSection(ExtensibilityGlobals) = postSolution
		SolutionGuid = {7591FB06-51B2-41D3-9DCE-E911CA1FE7E5}
	EndGlobalSection
EndGlobal
