
Microsoft Visual Studio Solution File, Format Version 12.00
# Visual Studio 15
VisualStudioVersion = 15.0.28010.2046
MinimumVisualStudioVersion = 10.0.40219.1
Project("{888888A0-9F3D-457C-B088-3A5042F75D52}") = "Handwritten Digits", "Handwritten Digits\Handwritten Digits.pyproj", "{203304CB-5B14-48F5-ACE3-6331CD0AD4C8}"
EndProject
Global
	GlobalSection(SolutionConfigurationPlatforms) = preSolution
		Debug|Any CPU = Debug|Any CPU
		Release|Any CPU = Release|Any CPU
	EndGlobalSection
	GlobalSection(ProjectConfigurationPlatforms) = postSolution
		{203304CB-5B14-48F5-ACE3-6331CD0AD4C8}.Debug|Any CPU.ActiveCfg = Debug|Any CPU
		{203304CB-5B14-48F5-ACE3-6331CD0AD4C8}.Release|Any CPU.ActiveCfg = Release|Any CPU
	EndGlobalSection
	GlobalSection(SolutionProperties) = preSolution
		HideSolutionNode = FALSE
	EndGlobalSection
	GlobalSection(ExtensibilityGlobals) = postSolution
		SolutionGuid = {0857F71F-FAFD-411E-AC16-7D22D599ABB5}
	EndGlobalSection
EndGlobal
