
Microsoft Visual Studio Solution File, Format Version 12.00
# Visual Studio 15
VisualStudioVersion = 15.0.28010.2046
MinimumVisualStudioVersion = 10.0.40219.1
Project("{888888A0-9F3D-457C-B088-3A5042F75D52}") = "TestRec", "TestRec\TestRec.pyproj", "{BB012083-7281-4D97-B180-9F28BE37E600}"
EndProject
Global
	GlobalSection(SolutionConfigurationPlatforms) = preSolution
		Debug|Any CPU = Debug|Any CPU
		Release|Any CPU = Release|Any CPU
	EndGlobalSection
	GlobalSection(ProjectConfigurationPlatforms) = postSolution
		{BB012083-7281-4D97-B180-9F28BE37E600}.Debug|Any CPU.ActiveCfg = Debug|Any CPU
		{BB012083-7281-4D97-B180-9F28BE37E600}.Release|Any CPU.ActiveCfg = Release|Any CPU
	EndGlobalSection
	GlobalSection(SolutionProperties) = preSolution
		HideSolutionNode = FALSE
	EndGlobalSection
	GlobalSection(ExtensibilityGlobals) = postSolution
		SolutionGuid = {536059F2-CA9A-49F8-B899-2DC17A6BB889}
	EndGlobalSection
EndGlobal
