
Microsoft Visual Studio Solution File, Format Version 12.00
# Visual Studio 15
VisualStudioVersion = 15.0.28010.2046
MinimumVisualStudioVersion = 10.0.40219.1
Project("{888888A0-9F3D-457C-B088-3A5042F75D52}") = "MK Controller", "MK Controller\MK Controller.pyproj", "{8E96472B-0290-4B62-9BAD-BC64B1C149F8}"
EndProject
Global
	GlobalSection(SolutionConfigurationPlatforms) = preSolution
		Debug|Any CPU = Debug|Any CPU
		Release|Any CPU = Release|Any CPU
	EndGlobalSection
	GlobalSection(ProjectConfigurationPlatforms) = postSolution
		{8E96472B-0290-4B62-9BAD-BC64B1C149F8}.Debug|Any CPU.ActiveCfg = Debug|Any CPU
		{8E96472B-0290-4B62-9BAD-BC64B1C149F8}.Release|Any CPU.ActiveCfg = Release|Any CPU
	EndGlobalSection
	GlobalSection(SolutionProperties) = preSolution
		HideSolutionNode = FALSE
	EndGlobalSection
	GlobalSection(ExtensibilityGlobals) = postSolution
		SolutionGuid = {8409D6DC-0CBC-414B-B202-6FDA7DD13014}
	EndGlobalSection
EndGlobal
