
Microsoft Visual Studio Solution File, Format Version 12.00
# Visual Studio 15
VisualStudioVersion = 15.0.28010.2046
MinimumVisualStudioVersion = 10.0.40219.1
Project("{888888A0-9F3D-457C-B088-3A5042F75D52}") = "Keras MNIST MLP", "Keras MNIST MLP\Keras MNIST MLP.pyproj", "{12816940-CDA9-4A97-B553-5B07D2B4920C}"
EndProject
Global
	GlobalSection(SolutionConfigurationPlatforms) = preSolution
		Debug|Any CPU = Debug|Any CPU
		Release|Any CPU = Release|Any CPU
	EndGlobalSection
	GlobalSection(ProjectConfigurationPlatforms) = postSolution
		{12816940-CDA9-4A97-B553-5B07D2B4920C}.Debug|Any CPU.ActiveCfg = Debug|Any CPU
		{12816940-CDA9-4A97-B553-5B07D2B4920C}.Release|Any CPU.ActiveCfg = Release|Any CPU
	EndGlobalSection
	GlobalSection(SolutionProperties) = preSolution
		HideSolutionNode = FALSE
	EndGlobalSection
	GlobalSection(ExtensibilityGlobals) = postSolution
		SolutionGuid = {AB1C90E5-53C8-41DE-A235-6262EF624A4B}
	EndGlobalSection
EndGlobal
