
Microsoft Visual Studio Solution File, Format Version 12.00
# Visual Studio 15
VisualStudioVersion = 15.0.28307.757
MinimumVisualStudioVersion = 10.0.40219.1
Project("{888888A0-9F3D-457C-B088-3A5042F75D52}") = "Face Recognition", "Face Recognition\Face Recognition.pyproj", "{CBB226DC-C956-47A9-9EF2-9CB168DC5EDD}"
EndProject
Global
	GlobalSection(SolutionConfigurationPlatforms) = preSolution
		Debug|Any CPU = Debug|Any CPU
		Release|Any CPU = Release|Any CPU
	EndGlobalSection
	GlobalSection(ProjectConfigurationPlatforms) = postSolution
		{CBB226DC-C956-47A9-9EF2-9CB168DC5EDD}.Debug|Any CPU.ActiveCfg = Debug|Any CPU
		{CBB226DC-C956-47A9-9EF2-9CB168DC5EDD}.Release|Any CPU.ActiveCfg = Release|Any CPU
	EndGlobalSection
	GlobalSection(SolutionProperties) = preSolution
		HideSolutionNode = FALSE
	EndGlobalSection
	GlobalSection(ExtensibilityGlobals) = postSolution
		SolutionGuid = {C22F0BA4-F9BB-44AD-BAFB-DA6BFD555E15}
	EndGlobalSection
EndGlobal
